Microsoft Visual Studio Solution File, Format Version 7.00
Project("{8BC9CEB8-8B4A-11D0-8D11-00A0C91BC942}") = "sack_bag", "sack_bag.vcproj", "{CE932DB0-A729-4B0D-A2BE-E835A89764AD}"
EndProject
Project("{8BC9CEB8-8B4A-11D0-8D11-00A0C91BC942}") = "palette", "palette\palette.vcproj", "{02D70EAF-0740-4A1A-8A20-E6B045247EB8}"
EndProject
Global
	GlobalSection(SolutionConfiguration) = preSolution
		ConfigName.0 = Debug
		ConfigName.1 = Release
	EndGlobalSection
	GlobalSection(ProjectDependencies) = postSolution
		{02D70EAF-0740-4A1A-8A20-E6B045247EB8}.0 = {CE932DB0-A729-4B0D-A2BE-E835A89764AD}
	EndGlobalSection
	GlobalSection(ProjectConfiguration) = postSolution
		{CE932DB0-A729-4B0D-A2BE-E835A89764AD}.Debug.ActiveCfg = Debug|Win32
		{CE932DB0-A729-4B0D-A2BE-E835A89764AD}.Debug.Build.0 = Debug|Win32
		{CE932DB0-A729-4B0D-A2BE-E835A89764AD}.Release.ActiveCfg = Release|Win32
		{CE932DB0-A729-4B0D-A2BE-E835A89764AD}.Release.Build.0 = Release|Win32
		{02D70EAF-0740-4A1A-8A20-E6B045247EB8}.Debug.ActiveCfg = Debug|Win32
		{02D70EAF-0740-4A1A-8A20-E6B045247EB8}.Debug.Build.0 = Debug|Win32
		{02D70EAF-0740-4A1A-8A20-E6B045247EB8}.Release.ActiveCfg = Release|Win32
		{02D70EAF-0740-4A1A-8A20-E6B045247EB8}.Release.Build.0 = Release|Win32
	EndGlobalSection
	GlobalSection(ExtensibilityGlobals) = postSolution
	EndGlobalSection
	GlobalSection(ExtensibilityAddIns) = postSolution
	EndGlobalSection
EndGlobal
