Microsoft Visual Studio Solution File, Format Version 7.00
Project("{8BC9CEB8-8B4A-11D0-8D11-00A0C91BC942}") = "psilib", "src\psilib\psilib.vcproj", "{5087F108-0E19-49CB-9475-CE2CAEE19E13}"
EndProject
Project("{8BC9CEB8-8B4A-11D0-8D11-00A0C91BC942}") = "sysloglib", "src\sysloglib\sysloglib.vcproj", "{EF003AD2-FCC5-4244-B898-90855FF5DC33}"
EndProject
Project("{8BC9CEB8-8B4A-11D0-8D11-00A0C91BC942}") = "memlib", "src\memlib\memlib.vcproj", "{FE389452-FB6E-43EC-B1C9-EFB3250EDBB7}"
EndProject
Project("{8BC9CEB8-8B4A-11D0-8D11-00A0C91BC942}") = "procreglib", "src\procreglib\procreglib.vcproj", "{E66EE565-1AAF-4879-9DF8-155A954256ED}"
EndProject
Project("{8BC9CEB8-8B4A-11D0-8D11-00A0C91BC942}") = "filesys", "src\filesyslib\filesys.vcproj", "{C3A7CE88-B7C6-41ED-867A-C8C7F3892EBF}"
EndProject
Project("{8BC9CEB8-8B4A-11D0-8D11-00A0C91BC942}") = "idle", "src\idlelib\idle.vcproj", "{F019FBEC-0995-404D-9FA2-A8BB8DF92875}"
EndProject
Project("{8BC9CEB8-8B4A-11D0-8D11-00A0C91BC942}") = "typelib", "src\typelib\typelib.vcproj", "{1A2E0DD6-1DB7-4A46-B148-58A1A4C6C262}"
EndProject
Project("{8BC9CEB8-8B4A-11D0-8D11-00A0C91BC942}") = "timerlib", "src\timerlib\timerlib.vcproj", "{89B27F55-D9AE-4C77-BD91-583A0AF9229E}"
EndProject
Project("{8BC9CEB8-8B4A-11D0-8D11-00A0C91BC942}") = "systemlib", "src\systemlib\systemlib.vcproj", "{BADECE9A-E8BA-4491-B9AE-C6F57DA54B21}"
EndProject
Project("{8BC9CEB8-8B4A-11D0-8D11-00A0C91BC942}") = "fractionlib", "src\fractionlib\fractionlib.vcproj", "{549F9DCD-0B35-44AB-A2CE-F3FA5F971727}"
EndProject
Project("{8BC9CEB8-8B4A-11D0-8D11-00A0C91BC942}") = "configlib", "src\configlib\configlib.vcproj", "{D7C83703-0463-406F-AFF3-9F20848E0C06}"
EndProject
Project("{8BC9CEB8-8B4A-11D0-8D11-00A0C91BC942}") = "netlib", "src\netlib\netlib.vcproj", "{D90E5D3D-58A2-4FC0-9A4D-C1A2A8FC4104}"
EndProject
Project("{8BC9CEB8-8B4A-11D0-8D11-00A0C91BC942}") = "deadstart", "src\deadstart\deadstart.vcproj", "{5DD5C2D5-8254-4642-AB80-64A65D313C6B}"
EndProject
Global
	GlobalSection(SolutionConfiguration) = preSolution
		ConfigName.0 = Debug
		ConfigName.1 = Release
	EndGlobalSection
	GlobalSection(ProjectDependencies) = postSolution
		{5087F108-0E19-49CB-9475-CE2CAEE19E13}.0 = {EF003AD2-FCC5-4244-B898-90855FF5DC33}
		{5087F108-0E19-49CB-9475-CE2CAEE19E13}.1 = {E66EE565-1AAF-4879-9DF8-155A954256ED}
		{5087F108-0E19-49CB-9475-CE2CAEE19E13}.2 = {F019FBEC-0995-404D-9FA2-A8BB8DF92875}
		{5087F108-0E19-49CB-9475-CE2CAEE19E13}.3 = {C3A7CE88-B7C6-41ED-867A-C8C7F3892EBF}
		{5087F108-0E19-49CB-9475-CE2CAEE19E13}.4 = {FE389452-FB6E-43EC-B1C9-EFB3250EDBB7}
		{FE389452-FB6E-43EC-B1C9-EFB3250EDBB7}.0 = {EF003AD2-FCC5-4244-B898-90855FF5DC33}
		{E66EE565-1AAF-4879-9DF8-155A954256ED}.0 = {C3A7CE88-B7C6-41ED-867A-C8C7F3892EBF}
		{E66EE565-1AAF-4879-9DF8-155A954256ED}.1 = {1A2E0DD6-1DB7-4A46-B148-58A1A4C6C262}
		{E66EE565-1AAF-4879-9DF8-155A954256ED}.2 = {89B27F55-D9AE-4C77-BD91-583A0AF9229E}
		{E66EE565-1AAF-4879-9DF8-155A954256ED}.3 = {FE389452-FB6E-43EC-B1C9-EFB3250EDBB7}
		{E66EE565-1AAF-4879-9DF8-155A954256ED}.4 = {BADECE9A-E8BA-4491-B9AE-C6F57DA54B21}
		{E66EE565-1AAF-4879-9DF8-155A954256ED}.5 = {D7C83703-0463-406F-AFF3-9F20848E0C06}
		{E66EE565-1AAF-4879-9DF8-155A954256ED}.6 = {EF003AD2-FCC5-4244-B898-90855FF5DC33}
		{F019FBEC-0995-404D-9FA2-A8BB8DF92875}.0 = {FE389452-FB6E-43EC-B1C9-EFB3250EDBB7}
		{1A2E0DD6-1DB7-4A46-B148-58A1A4C6C262}.0 = {EF003AD2-FCC5-4244-B898-90855FF5DC33}
		{1A2E0DD6-1DB7-4A46-B148-58A1A4C6C262}.1 = {89B27F55-D9AE-4C77-BD91-583A0AF9229E}
		{1A2E0DD6-1DB7-4A46-B148-58A1A4C6C262}.2 = {FE389452-FB6E-43EC-B1C9-EFB3250EDBB7}
		{89B27F55-D9AE-4C77-BD91-583A0AF9229E}.0 = {FE389452-FB6E-43EC-B1C9-EFB3250EDBB7}
		{89B27F55-D9AE-4C77-BD91-583A0AF9229E}.1 = {F019FBEC-0995-404D-9FA2-A8BB8DF92875}
		{89B27F55-D9AE-4C77-BD91-583A0AF9229E}.2 = {EF003AD2-FCC5-4244-B898-90855FF5DC33}
		{BADECE9A-E8BA-4491-B9AE-C6F57DA54B21}.0 = {FE389452-FB6E-43EC-B1C9-EFB3250EDBB7}
		{BADECE9A-E8BA-4491-B9AE-C6F57DA54B21}.1 = {EF003AD2-FCC5-4244-B898-90855FF5DC33}
		{BADECE9A-E8BA-4491-B9AE-C6F57DA54B21}.2 = {1A2E0DD6-1DB7-4A46-B148-58A1A4C6C262}
		{BADECE9A-E8BA-4491-B9AE-C6F57DA54B21}.3 = {89B27F55-D9AE-4C77-BD91-583A0AF9229E}
		{549F9DCD-0B35-44AB-A2CE-F3FA5F971727}.0 = {EF003AD2-FCC5-4244-B898-90855FF5DC33}
		{D7C83703-0463-406F-AFF3-9F20848E0C06}.0 = {D90E5D3D-58A2-4FC0-9A4D-C1A2A8FC4104}
		{D7C83703-0463-406F-AFF3-9F20848E0C06}.1 = {1A2E0DD6-1DB7-4A46-B148-58A1A4C6C262}
		{D7C83703-0463-406F-AFF3-9F20848E0C06}.2 = {EF003AD2-FCC5-4244-B898-90855FF5DC33}
		{D7C83703-0463-406F-AFF3-9F20848E0C06}.3 = {FE389452-FB6E-43EC-B1C9-EFB3250EDBB7}
		{D7C83703-0463-406F-AFF3-9F20848E0C06}.4 = {C3A7CE88-B7C6-41ED-867A-C8C7F3892EBF}
		{D7C83703-0463-406F-AFF3-9F20848E0C06}.5 = {549F9DCD-0B35-44AB-A2CE-F3FA5F971727}
		{D90E5D3D-58A2-4FC0-9A4D-C1A2A8FC4104}.0 = {1A2E0DD6-1DB7-4A46-B148-58A1A4C6C262}
		{D90E5D3D-58A2-4FC0-9A4D-C1A2A8FC4104}.1 = {89B27F55-D9AE-4C77-BD91-583A0AF9229E}
		{D90E5D3D-58A2-4FC0-9A4D-C1A2A8FC4104}.2 = {EF003AD2-FCC5-4244-B898-90855FF5DC33}
		{D90E5D3D-58A2-4FC0-9A4D-C1A2A8FC4104}.3 = {FE389452-FB6E-43EC-B1C9-EFB3250EDBB7}
		{D90E5D3D-58A2-4FC0-9A4D-C1A2A8FC4104}.4 = {F019FBEC-0995-404D-9FA2-A8BB8DF92875}
	EndGlobalSection
	GlobalSection(ProjectConfiguration) = postSolution
		{5087F108-0E19-49CB-9475-CE2CAEE19E13}.Debug.ActiveCfg = Debug|Win32
		{5087F108-0E19-49CB-9475-CE2CAEE19E13}.Debug.Build.0 = Debug|Win32
		{5087F108-0E19-49CB-9475-CE2CAEE19E13}.Release.ActiveCfg = Release|Win32
		{5087F108-0E19-49CB-9475-CE2CAEE19E13}.Release.Build.0 = Release|Win32
		{EF003AD2-FCC5-4244-B898-90855FF5DC33}.Debug.ActiveCfg = Debug|Win32
		{EF003AD2-FCC5-4244-B898-90855FF5DC33}.Debug.Build.0 = Debug|Win32
		{EF003AD2-FCC5-4244-B898-90855FF5DC33}.Release.ActiveCfg = Release|Win32
		{EF003AD2-FCC5-4244-B898-90855FF5DC33}.Release.Build.0 = Release|Win32
		{FE389452-FB6E-43EC-B1C9-EFB3250EDBB7}.Debug.ActiveCfg = Debug|Win32
		{FE389452-FB6E-43EC-B1C9-EFB3250EDBB7}.Debug.Build.0 = Debug|Win32
		{FE389452-FB6E-43EC-B1C9-EFB3250EDBB7}.Release.ActiveCfg = Release|Win32
		{FE389452-FB6E-43EC-B1C9-EFB3250EDBB7}.Release.Build.0 = Release|Win32
		{E66EE565-1AAF-4879-9DF8-155A954256ED}.Debug.ActiveCfg = Debug|Win32
		{E66EE565-1AAF-4879-9DF8-155A954256ED}.Debug.Build.0 = Debug|Win32
		{E66EE565-1AAF-4879-9DF8-155A954256ED}.Release.ActiveCfg = Release|Win32
		{E66EE565-1AAF-4879-9DF8-155A954256ED}.Release.Build.0 = Release|Win32
		{C3A7CE88-B7C6-41ED-867A-C8C7F3892EBF}.Debug.ActiveCfg = Debug|Win32
		{C3A7CE88-B7C6-41ED-867A-C8C7F3892EBF}.Debug.Build.0 = Debug|Win32
		{C3A7CE88-B7C6-41ED-867A-C8C7F3892EBF}.Release.ActiveCfg = Release|Win32
		{C3A7CE88-B7C6-41ED-867A-C8C7F3892EBF}.Release.Build.0 = Release|Win32
		{F019FBEC-0995-404D-9FA2-A8BB8DF92875}.Debug.ActiveCfg = Debug|Win32
		{F019FBEC-0995-404D-9FA2-A8BB8DF92875}.Debug.Build.0 = Debug|Win32
		{F019FBEC-0995-404D-9FA2-A8BB8DF92875}.Release.ActiveCfg = Release|Win32
		{F019FBEC-0995-404D-9FA2-A8BB8DF92875}.Release.Build.0 = Release|Win32
		{1A2E0DD6-1DB7-4A46-B148-58A1A4C6C262}.Debug.ActiveCfg = Debug|Win32
		{1A2E0DD6-1DB7-4A46-B148-58A1A4C6C262}.Debug.Build.0 = Debug|Win32
		{1A2E0DD6-1DB7-4A46-B148-58A1A4C6C262}.Release.ActiveCfg = Release|Win32
		{1A2E0DD6-1DB7-4A46-B148-58A1A4C6C262}.Release.Build.0 = Release|Win32
		{89B27F55-D9AE-4C77-BD91-583A0AF9229E}.Debug.ActiveCfg = Debug|Win32
		{89B27F55-D9AE-4C77-BD91-583A0AF9229E}.Debug.Build.0 = Debug|Win32
		{89B27F55-D9AE-4C77-BD91-583A0AF9229E}.Release.ActiveCfg = Release|Win32
		{89B27F55-D9AE-4C77-BD91-583A0AF9229E}.Release.Build.0 = Release|Win32
		{BADECE9A-E8BA-4491-B9AE-C6F57DA54B21}.Debug.ActiveCfg = Debug|Win32
		{BADECE9A-E8BA-4491-B9AE-C6F57DA54B21}.Debug.Build.0 = Debug|Win32
		{BADECE9A-E8BA-4491-B9AE-C6F57DA54B21}.Release.ActiveCfg = Release|Win32
		{BADECE9A-E8BA-4491-B9AE-C6F57DA54B21}.Release.Build.0 = Release|Win32
		{549F9DCD-0B35-44AB-A2CE-F3FA5F971727}.Debug.ActiveCfg = Debug|Win32
		{549F9DCD-0B35-44AB-A2CE-F3FA5F971727}.Debug.Build.0 = Debug|Win32
		{549F9DCD-0B35-44AB-A2CE-F3FA5F971727}.Release.ActiveCfg = Release|Win32
		{549F9DCD-0B35-44AB-A2CE-F3FA5F971727}.Release.Build.0 = Release|Win32
		{D7C83703-0463-406F-AFF3-9F20848E0C06}.Debug.ActiveCfg = Debug|Win32
		{D7C83703-0463-406F-AFF3-9F20848E0C06}.Debug.Build.0 = Debug|Win32
		{D7C83703-0463-406F-AFF3-9F20848E0C06}.Release.ActiveCfg = Release|Win32
		{D7C83703-0463-406F-AFF3-9F20848E0C06}.Release.Build.0 = Release|Win32
		{D90E5D3D-58A2-4FC0-9A4D-C1A2A8FC4104}.Debug.ActiveCfg = Debug|Win32
		{D90E5D3D-58A2-4FC0-9A4D-C1A2A8FC4104}.Debug.Build.0 = Debug|Win32
		{D90E5D3D-58A2-4FC0-9A4D-C1A2A8FC4104}.Release.ActiveCfg = Release|Win32
		{D90E5D3D-58A2-4FC0-9A4D-C1A2A8FC4104}.Release.Build.0 = Release|Win32
		{5DD5C2D5-8254-4642-AB80-64A65D313C6B}.Debug.ActiveCfg = Debug|Win32
		{5DD5C2D5-8254-4642-AB80-64A65D313C6B}.Debug.Build.0 = Debug|Win32
		{5DD5C2D5-8254-4642-AB80-64A65D313C6B}.Release.ActiveCfg = Release|Win32
		{5DD5C2D5-8254-4642-AB80-64A65D313C6B}.Release.Build.0 = Release|Win32
	EndGlobalSection
	GlobalSection(SolutionItems) = postSolution
		Item:1 = sack.sln
	EndGlobalSection
	GlobalSection(ExtensibilityGlobals) = postSolution
	EndGlobalSection
	GlobalSection(ExtensibilityAddIns) = postSolution
	EndGlobalSection
EndGlobal
