<?xml version="1.0" encoding="utf-8"?>
<Project ToolsVersion="4.0" xmlns="http://schemas.microsoft.com/developer/msbuild/2003">
  <ItemGroup>
    <Filter Include="Content">
      <UniqueIdentifier>{a0fcf467-0513-46e3-8864-10c3aeebb4a3}</UniqueIdentifier>
    </Filter>
    <Filter Include="Header Files">
      <UniqueIdentifier>{93995380-89BD-4b04-88EB-625FBE52EBFB}</UniqueIdentifier>
      <Extensions>h;hpp;hxx;hm;inl;inc;xsd</Extensions>
    </Filter>
    <Filter Include="Resource Files">
      <UniqueIdentifier>{67DA6AB6-F800-4c08-8B7A-83BB121AAD01}</UniqueIdentifier>
      <Extensions>rc;ico;cur;bmp;dlg;rc2;rct;bin;rgs;gif;jpg;jpeg;jpe;resx;tiff;tif;png;wav</Extensions>
    </Filter>
    <Filter Include="Source Files">
      <UniqueIdentifier>{4FC737F1-C7A5-4376-A066-2A32D752A2FF}</UniqueIdentifier>
      <Extensions>cpp;c;cc;cxx;def;odl;idl;hpj;bat;asm;asmx</Extensions>
    </Filter>
    <Filter Include="Frames">
      <UniqueIdentifier>{d03b2fdc-d8af-45cc-b62f-2fa7f0f8fb0f}</UniqueIdentifier>
      <Extensions>isFrame</Extensions>
      <ParseFiles>false</ParseFiles>
    </Filter>
  </ItemGroup>
  <ItemGroup>
    <ClCompile Include="animation.c">
      <Filter>Source Files</Filter>
    </ClCompile>
    <ClCompile Include="animation_plugin.c">
      <Filter>Source Files</Filter>
    </ClCompile>
    <ClCompile Include="banner_button.c">
      <Filter>Source Files</Filter>
    </ClCompile>
    <ClCompile Include="fileopen.c">
      <Filter>Source Files</Filter>
    </ClCompile>
    <ClCompile Include="fonts.c">
      <Filter>Source Files</Filter>
    </ClCompile>
    <ClCompile Include="intershell_plugins.c">
      <Filter>Source Files</Filter>
    </ClCompile>
    <ClCompile Include="loadsave.c">
      <Filter>Source Files</Filter>
    </ClCompile>
    <ClCompile Include="login.c">
      <Filter>Source Files</Filter>
    </ClCompile>
    <ClCompile Include="macros.c">
      <Filter>Source Files</Filter>
    </ClCompile>
    <ClCompile Include="main.c">
      <Filter>Source Files</Filter>
    </ClCompile>
    <ClCompile Include="pages.c">
      <Filter>Source Files</Filter>
    </ClCompile>
    <ClCompile Include="page_dialog.c">
      <Filter>Source Files</Filter>
    </ClCompile>
    <ClCompile Include="resname.c">
      <Filter>Source Files</Filter>
    </ClCompile>
    <ClCompile Include="security.c">
      <Filter>Source Files</Filter>
    </ClCompile>
    <ClCompile Include="sprites.c">
      <Filter>Source Files</Filter>
    </ClCompile>
    <ClCompile Include="text_label.c">
      <Filter>Source Files</Filter>
    </ClCompile>
  </ItemGroup>
  <ItemGroup>
    <ClInclude Include="autovers.h">
      <Filter>Header Files</Filter>
    </ClInclude>
    <ClInclude Include="fileopen.h">
      <Filter>Header Files</Filter>
    </ClInclude>
    <ClInclude Include="fonts.h">
      <Filter>Header Files</Filter>
    </ClInclude>
    <ClInclude Include="global.h">
      <Filter>Header Files</Filter>
    </ClInclude>
    <ClInclude Include="intershell_button.h">
      <Filter>Header Files</Filter>
    </ClInclude>
    <ClInclude Include="intershell_export.h">
      <Filter>Header Files</Filter>
    </ClInclude>
    <ClInclude Include="intershell_local.h">
      <Filter>Header Files</Filter>
    </ClInclude>
    <ClInclude Include="intershell_registry.h">
      <Filter>Header Files</Filter>
    </ClInclude>
    <ClInclude Include="loadsave.h">
      <Filter>Header Files</Filter>
    </ClInclude>
    <ClInclude Include="login.h">
      <Filter>Header Files</Filter>
    </ClInclude>
    <ClInclude Include="menu_listbox.h">
      <Filter>Header Files</Filter>
    </ClInclude>
    <ClInclude Include="menu_real_button.h">
      <Filter>Header Files</Filter>
    </ClInclude>
    <ClInclude Include="pages.h">
      <Filter>Header Files</Filter>
    </ClInclude>
    <ClInclude Include="resource.h">
      <Filter>Header Files</Filter>
    </ClInclude>
    <ClInclude Include="security.h">
      <Filter>Header Files</Filter>
    </ClInclude>
    <ClInclude Include="sprites.h">
      <Filter>Header Files</Filter>
    </ClInclude>
    <ClInclude Include="text_label.h">
      <Filter>Header Files</Filter>
    </ClInclude>
  </ItemGroup>
  <ItemGroup>
    <None Include="frames\ConfigureAnimationButton.isFrame">
      <Filter>Content</Filter>
    </None>
    <None Include="frames\ConfigureMacroButton.isFrame">
      <Filter>Content</Filter>
    </None>
    <None Include="frames\configure_text_setvar_button.isframe">
      <Filter>Content</Filter>
    </None>
    <None Include="frames\EditBannerMessage.isFrame">
      <Filter>Content</Filter>
    </None>
    <None Include="frames\EditGenericButton.isframe">
      <Filter>Content</Filter>
    </None>
    <None Include="frames\EditGenericControl.isframe">
      <Filter>Content</Filter>
    </None>
    <None Include="frames\EditGenericListbox.isframe">
      <Filter>Content</Filter>
    </None>
    <None Include="frames\EditGlareSets.isFrame">
      <Filter>Content</Filter>
    </None>
    <None Include="frames\EditPlugins.isFrame">
      <Filter>Content</Filter>
    </None>
    <None Include="frames\fbi_gui_property.isframe">
      <Filter>Content</Filter>
    </None>
    <None Include="frames\font_preset_property.isframe">
      <Filter>Content</Filter>
    </None>
    <None Include="frames\InterShellPageProperty.isFrame">
      <Filter>Content</Filter>
    </None>
    <None Include="frames\ListboxProperty.isframe">
      <Filter>Content</Filter>
    </None>
    <None Include="frames\page_change_property.isframe">
      <Filter>Content</Filter>
    </None>
    <None Include="frames\page_label_property.isframe">
      <Filter>Content</Filter>
    </None>
    <None Include="frames\property.isframe">
      <Filter>Content</Filter>
    </None>
    <None Include="frames\user_stat_prop.isframe">
      <Filter>Content</Filter>
    </None>
    <None Include="frames\MilkPageProperty.isFrame">
      <Filter>Frames</Filter>
    </None>
  </ItemGroup>
</Project>