Microsoft Visual Studio Solution File, Format Version 10.00
# Visual Studio 2008
Project("{2150E333-8FDC-42A3-9474-1A3956D46DE8}") = "Solution Items", "Solution Items", "{2A778950-DDB8-420E-995B-C3A09AA5A8E0}"
EndProject
Project("{8BC9CEB8-8B4A-11D0-8D11-00A0C91BC942}") = "sack_bag", "sack_bag.vcproj", "{CE932DB0-A729-4B0D-A2BE-E835A89764AD}"
EndProject
Project("{8BC9CEB8-8B4A-11D0-8D11-00A0C91BC942}") = "TestClock", "TestClock\TestClock.vcproj", "{AFA33E94-7BE2-4ADA-A6E7-7127ABA80DEF}"
	ProjectSection(ProjectDependencies) = postProject
		{CE932DB0-A729-4B0D-A2BE-E835A89764AD} = {CE932DB0-A729-4B0D-A2BE-E835A89764AD}
	EndProjectSection
EndProject
Project("{54435603-DBB4-11D2-8724-00A0C9A8B90C}") = "Clock Tester", "..\Setup1\Setup1.vdproj", "{D686FC64-ABFE-4A94-A7FC-02D9B5C9379F}"
EndProject
Project("{8BC9CEB8-8B4A-11D0-8D11-00A0C91BC942}") = "world_scape_client", "..\..\trunk\work\games\flatland\world\scape\vc9\world_scape_client.vcproj", "{A04714B3-1B07-4FAC-B76E-5F8E89F6AF30}"
EndProject
Project("{8BC9CEB8-8B4A-11D0-8D11-00A0C91BC942}") = "world_scape_server", "..\..\trunk\work\games\flatland\world\scape\vc9\world_scape_server.vcproj", "{E1FE3431-C78C-4919-BC24-5F974031A302}"
EndProject
Project("{8BC9CEB8-8B4A-11D0-8D11-00A0C91BC942}") = "virtuality", "..\..\trunk\work\games\vc9\virtuality\virtuality.vcproj", "{5A840C6C-1445-4880-98DC-8DCBB23C90B4}"
EndProject
Project("{8BC9CEB8-8B4A-11D0-8D11-00A0C91BC942}") = "terrain", "..\..\trunk\work\games\vc9\terrain\terrain.vcproj", "{906A5C89-92F6-4C16-9A9E-4CEB7E431AD5}"
EndProject
Project("{8BC9CEB8-8B4A-11D0-8D11-00A0C91BC942}") = "brain", "..\..\trunk\work\games\automaton\brain\brain.9.vcproj", "{A0575529-0007-4619-90BD-8ABA6D0AC234}"
EndProject
Project("{8BC9CEB8-8B4A-11D0-8D11-00A0C91BC942}") = "brainboard", "..\..\trunk\work\games\automaton\board\brainboard.9.vcproj", "{49288A7D-E44E-4EE8-83CE-2A7CBB9D5786}"
EndProject
Project("{8BC9CEB8-8B4A-11D0-8D11-00A0C91BC942}") = "brainshell", "..\..\trunk\work\games\automaton\board\brainshell.9.vcproj", "{714438DC-6D98-42D7-8CFD-409345C3E151}"
EndProject
Project("{8BC9CEB8-8B4A-11D0-8D11-00A0C91BC942}") = "flatland", "..\..\trunk\work\games\flatland\client\edit\vc9\flatland.vcproj", "{E31F9A10-95B9-48DC-BD62-637BE16423E7}"
EndProject
Project("{8BC9CEB8-8B4A-11D0-8D11-00A0C91BC942}") = "ChainReact", "..\..\trunk\work\games\vc9\ChainReact\ChainReact.vcproj", "{A2D5A597-BDA6-4328-9C15-A777BC6B346B}"
EndProject
Global
	GlobalSection(SolutionConfigurationPlatforms) = preSolution
		Debug C++|Win32 = Debug C++|Win32
		Debug C++|x64 = Debug C++|x64
		Debug CLR|Win32 = Debug CLR|Win32
		Debug CLR|x64 = Debug CLR|x64
		Debug|Win32 = Debug|Win32
		Debug|x64 = Debug|x64
		Release C++|Win32 = Release C++|Win32
		Release C++|x64 = Release C++|x64
		Release CLR|Win32 = Release CLR|Win32
		Release CLR|x64 = Release CLR|x64
		Release|Win32 = Release|Win32
		Release|x64 = Release|x64
	EndGlobalSection
	GlobalSection(ProjectConfigurationPlatforms) = postSolution
		{CE932DB0-A729-4B0D-A2BE-E835A89764AD}.Debug C++|Win32.ActiveCfg = Debug C++|Win32
		{CE932DB0-A729-4B0D-A2BE-E835A89764AD}.Debug C++|Win32.Build.0 = Debug C++|Win32
		{CE932DB0-A729-4B0D-A2BE-E835A89764AD}.Debug C++|x64.ActiveCfg = Debug C++|Win32
		{CE932DB0-A729-4B0D-A2BE-E835A89764AD}.Debug CLR|Win32.ActiveCfg = Debug CLR|Win32
		{CE932DB0-A729-4B0D-A2BE-E835A89764AD}.Debug CLR|Win32.Build.0 = Debug CLR|Win32
		{CE932DB0-A729-4B0D-A2BE-E835A89764AD}.Debug CLR|x64.ActiveCfg = Debug CLR|Win32
		{CE932DB0-A729-4B0D-A2BE-E835A89764AD}.Debug|Win32.ActiveCfg = Debug C++|Win32
		{CE932DB0-A729-4B0D-A2BE-E835A89764AD}.Debug|Win32.Build.0 = Debug C++|Win32
		{CE932DB0-A729-4B0D-A2BE-E835A89764AD}.Debug|x64.ActiveCfg = Debug|Win32
		{CE932DB0-A729-4B0D-A2BE-E835A89764AD}.Release C++|Win32.ActiveCfg = Release C++|Win32
		{CE932DB0-A729-4B0D-A2BE-E835A89764AD}.Release C++|Win32.Build.0 = Release C++|Win32
		{CE932DB0-A729-4B0D-A2BE-E835A89764AD}.Release C++|x64.ActiveCfg = Release C++|Win32
		{CE932DB0-A729-4B0D-A2BE-E835A89764AD}.Release CLR|Win32.ActiveCfg = Release CLR|Win32
		{CE932DB0-A729-4B0D-A2BE-E835A89764AD}.Release CLR|Win32.Build.0 = Release CLR|Win32
		{CE932DB0-A729-4B0D-A2BE-E835A89764AD}.Release CLR|x64.ActiveCfg = Release CLR|Win32
		{CE932DB0-A729-4B0D-A2BE-E835A89764AD}.Release|Win32.ActiveCfg = Release|Win32
		{CE932DB0-A729-4B0D-A2BE-E835A89764AD}.Release|Win32.Build.0 = Release|Win32
		{CE932DB0-A729-4B0D-A2BE-E835A89764AD}.Release|x64.ActiveCfg = Release|Win32
		{AFA33E94-7BE2-4ADA-A6E7-7127ABA80DEF}.Debug C++|Win32.ActiveCfg = Debug C++|Win32
		{AFA33E94-7BE2-4ADA-A6E7-7127ABA80DEF}.Debug C++|Win32.Build.0 = Debug C++|Win32
		{AFA33E94-7BE2-4ADA-A6E7-7127ABA80DEF}.Debug C++|x64.ActiveCfg = Debug C++|x64
		{AFA33E94-7BE2-4ADA-A6E7-7127ABA80DEF}.Debug C++|x64.Build.0 = Debug C++|x64
		{AFA33E94-7BE2-4ADA-A6E7-7127ABA80DEF}.Debug CLR|Win32.ActiveCfg = Debug|Win32
		{AFA33E94-7BE2-4ADA-A6E7-7127ABA80DEF}.Debug CLR|Win32.Build.0 = Debug|Win32
		{AFA33E94-7BE2-4ADA-A6E7-7127ABA80DEF}.Debug CLR|x64.ActiveCfg = Debug C++|x64
		{AFA33E94-7BE2-4ADA-A6E7-7127ABA80DEF}.Debug CLR|x64.Build.0 = Debug C++|x64
		{AFA33E94-7BE2-4ADA-A6E7-7127ABA80DEF}.Debug|Win32.ActiveCfg = Debug|Win32
		{AFA33E94-7BE2-4ADA-A6E7-7127ABA80DEF}.Debug|Win32.Build.0 = Debug|Win32
		{AFA33E94-7BE2-4ADA-A6E7-7127ABA80DEF}.Debug|x64.ActiveCfg = Debug|x64
		{AFA33E94-7BE2-4ADA-A6E7-7127ABA80DEF}.Debug|x64.Build.0 = Debug|x64
		{AFA33E94-7BE2-4ADA-A6E7-7127ABA80DEF}.Release C++|Win32.ActiveCfg = Release C++|Win32
		{AFA33E94-7BE2-4ADA-A6E7-7127ABA80DEF}.Release C++|Win32.Build.0 = Release C++|Win32
		{AFA33E94-7BE2-4ADA-A6E7-7127ABA80DEF}.Release C++|x64.ActiveCfg = Release C++|x64
		{AFA33E94-7BE2-4ADA-A6E7-7127ABA80DEF}.Release C++|x64.Build.0 = Release C++|x64
		{AFA33E94-7BE2-4ADA-A6E7-7127ABA80DEF}.Release CLR|Win32.ActiveCfg = Release|Win32
		{AFA33E94-7BE2-4ADA-A6E7-7127ABA80DEF}.Release CLR|Win32.Build.0 = Release|Win32
		{AFA33E94-7BE2-4ADA-A6E7-7127ABA80DEF}.Release CLR|x64.ActiveCfg = Release C++|x64
		{AFA33E94-7BE2-4ADA-A6E7-7127ABA80DEF}.Release CLR|x64.Build.0 = Release C++|x64
		{AFA33E94-7BE2-4ADA-A6E7-7127ABA80DEF}.Release|Win32.ActiveCfg = Release|Win32
		{AFA33E94-7BE2-4ADA-A6E7-7127ABA80DEF}.Release|Win32.Build.0 = Release|Win32
		{AFA33E94-7BE2-4ADA-A6E7-7127ABA80DEF}.Release|x64.ActiveCfg = Release|x64
		{AFA33E94-7BE2-4ADA-A6E7-7127ABA80DEF}.Release|x64.Build.0 = Release|x64
		{D686FC64-ABFE-4A94-A7FC-02D9B5C9379F}.Debug C++|Win32.ActiveCfg = Debug
		{D686FC64-ABFE-4A94-A7FC-02D9B5C9379F}.Debug C++|x64.ActiveCfg = Debug
		{D686FC64-ABFE-4A94-A7FC-02D9B5C9379F}.Debug C++|x64.Build.0 = Debug
		{D686FC64-ABFE-4A94-A7FC-02D9B5C9379F}.Debug CLR|Win32.ActiveCfg = Debug
		{D686FC64-ABFE-4A94-A7FC-02D9B5C9379F}.Debug CLR|x64.ActiveCfg = Debug
		{D686FC64-ABFE-4A94-A7FC-02D9B5C9379F}.Debug CLR|x64.Build.0 = Debug
		{D686FC64-ABFE-4A94-A7FC-02D9B5C9379F}.Debug|Win32.ActiveCfg = Debug
		{D686FC64-ABFE-4A94-A7FC-02D9B5C9379F}.Debug|x64.ActiveCfg = Debug
		{D686FC64-ABFE-4A94-A7FC-02D9B5C9379F}.Debug|x64.Build.0 = Debug
		{D686FC64-ABFE-4A94-A7FC-02D9B5C9379F}.Release C++|Win32.ActiveCfg = Release
		{D686FC64-ABFE-4A94-A7FC-02D9B5C9379F}.Release C++|x64.ActiveCfg = Release
		{D686FC64-ABFE-4A94-A7FC-02D9B5C9379F}.Release C++|x64.Build.0 = Release
		{D686FC64-ABFE-4A94-A7FC-02D9B5C9379F}.Release CLR|Win32.ActiveCfg = Release
		{D686FC64-ABFE-4A94-A7FC-02D9B5C9379F}.Release CLR|x64.ActiveCfg = Release
		{D686FC64-ABFE-4A94-A7FC-02D9B5C9379F}.Release CLR|x64.Build.0 = Release
		{D686FC64-ABFE-4A94-A7FC-02D9B5C9379F}.Release|Win32.ActiveCfg = Release
		{D686FC64-ABFE-4A94-A7FC-02D9B5C9379F}.Release|x64.ActiveCfg = Release
		{D686FC64-ABFE-4A94-A7FC-02D9B5C9379F}.Release|x64.Build.0 = Release
		{A04714B3-1B07-4FAC-B76E-5F8E89F6AF30}.Debug C++|Win32.ActiveCfg = Debug C++|Win32
		{A04714B3-1B07-4FAC-B76E-5F8E89F6AF30}.Debug C++|Win32.Build.0 = Debug C++|Win32
		{A04714B3-1B07-4FAC-B76E-5F8E89F6AF30}.Debug C++|x64.ActiveCfg = Debug C++|x64
		{A04714B3-1B07-4FAC-B76E-5F8E89F6AF30}.Debug C++|x64.Build.0 = Debug C++|x64
		{A04714B3-1B07-4FAC-B76E-5F8E89F6AF30}.Debug CLR|Win32.ActiveCfg = Debug C++|Win32
		{A04714B3-1B07-4FAC-B76E-5F8E89F6AF30}.Debug CLR|Win32.Build.0 = Debug C++|Win32
		{A04714B3-1B07-4FAC-B76E-5F8E89F6AF30}.Debug CLR|x64.ActiveCfg = Debug C++|x64
		{A04714B3-1B07-4FAC-B76E-5F8E89F6AF30}.Debug CLR|x64.Build.0 = Debug C++|x64
		{A04714B3-1B07-4FAC-B76E-5F8E89F6AF30}.Debug|Win32.ActiveCfg = Debug|Win32
		{A04714B3-1B07-4FAC-B76E-5F8E89F6AF30}.Debug|Win32.Build.0 = Debug|Win32
		{A04714B3-1B07-4FAC-B76E-5F8E89F6AF30}.Debug|x64.ActiveCfg = Debug|x64
		{A04714B3-1B07-4FAC-B76E-5F8E89F6AF30}.Debug|x64.Build.0 = Debug|x64
		{A04714B3-1B07-4FAC-B76E-5F8E89F6AF30}.Release C++|Win32.ActiveCfg = Release|Win32
		{A04714B3-1B07-4FAC-B76E-5F8E89F6AF30}.Release C++|Win32.Build.0 = Release|Win32
		{A04714B3-1B07-4FAC-B76E-5F8E89F6AF30}.Release C++|x64.ActiveCfg = Release|x64
		{A04714B3-1B07-4FAC-B76E-5F8E89F6AF30}.Release C++|x64.Build.0 = Release|x64
		{A04714B3-1B07-4FAC-B76E-5F8E89F6AF30}.Release CLR|Win32.ActiveCfg = Release|Win32
		{A04714B3-1B07-4FAC-B76E-5F8E89F6AF30}.Release CLR|Win32.Build.0 = Release|Win32
		{A04714B3-1B07-4FAC-B76E-5F8E89F6AF30}.Release CLR|x64.ActiveCfg = Release|x64
		{A04714B3-1B07-4FAC-B76E-5F8E89F6AF30}.Release CLR|x64.Build.0 = Release|x64
		{A04714B3-1B07-4FAC-B76E-5F8E89F6AF30}.Release|Win32.ActiveCfg = Release|Win32
		{A04714B3-1B07-4FAC-B76E-5F8E89F6AF30}.Release|Win32.Build.0 = Release|Win32
		{A04714B3-1B07-4FAC-B76E-5F8E89F6AF30}.Release|x64.ActiveCfg = Release|x64
		{A04714B3-1B07-4FAC-B76E-5F8E89F6AF30}.Release|x64.Build.0 = Release|x64
		{E1FE3431-C78C-4919-BC24-5F974031A302}.Debug C++|Win32.ActiveCfg = Debug C++|Win32
		{E1FE3431-C78C-4919-BC24-5F974031A302}.Debug C++|Win32.Build.0 = Debug C++|Win32
		{E1FE3431-C78C-4919-BC24-5F974031A302}.Debug C++|x64.ActiveCfg = Debug C++|x64
		{E1FE3431-C78C-4919-BC24-5F974031A302}.Debug C++|x64.Build.0 = Debug C++|x64
		{E1FE3431-C78C-4919-BC24-5F974031A302}.Debug CLR|Win32.ActiveCfg = Debug C++|Win32
		{E1FE3431-C78C-4919-BC24-5F974031A302}.Debug CLR|Win32.Build.0 = Debug C++|Win32
		{E1FE3431-C78C-4919-BC24-5F974031A302}.Debug CLR|x64.ActiveCfg = Debug C++|x64
		{E1FE3431-C78C-4919-BC24-5F974031A302}.Debug CLR|x64.Build.0 = Debug C++|x64
		{E1FE3431-C78C-4919-BC24-5F974031A302}.Debug|Win32.ActiveCfg = Debug|Win32
		{E1FE3431-C78C-4919-BC24-5F974031A302}.Debug|Win32.Build.0 = Debug|Win32
		{E1FE3431-C78C-4919-BC24-5F974031A302}.Debug|x64.ActiveCfg = Debug|x64
		{E1FE3431-C78C-4919-BC24-5F974031A302}.Debug|x64.Build.0 = Debug|x64
		{E1FE3431-C78C-4919-BC24-5F974031A302}.Release C++|Win32.ActiveCfg = Release|Win32
		{E1FE3431-C78C-4919-BC24-5F974031A302}.Release C++|Win32.Build.0 = Release|Win32
		{E1FE3431-C78C-4919-BC24-5F974031A302}.Release C++|x64.ActiveCfg = Release|x64
		{E1FE3431-C78C-4919-BC24-5F974031A302}.Release C++|x64.Build.0 = Release|x64
		{E1FE3431-C78C-4919-BC24-5F974031A302}.Release CLR|Win32.ActiveCfg = Release|Win32
		{E1FE3431-C78C-4919-BC24-5F974031A302}.Release CLR|Win32.Build.0 = Release|Win32
		{E1FE3431-C78C-4919-BC24-5F974031A302}.Release CLR|x64.ActiveCfg = Release|x64
		{E1FE3431-C78C-4919-BC24-5F974031A302}.Release CLR|x64.Build.0 = Release|x64
		{E1FE3431-C78C-4919-BC24-5F974031A302}.Release|Win32.ActiveCfg = Release|Win32
		{E1FE3431-C78C-4919-BC24-5F974031A302}.Release|Win32.Build.0 = Release|Win32
		{E1FE3431-C78C-4919-BC24-5F974031A302}.Release|x64.ActiveCfg = Release|x64
		{E1FE3431-C78C-4919-BC24-5F974031A302}.Release|x64.Build.0 = Release|x64
		{5A840C6C-1445-4880-98DC-8DCBB23C90B4}.Debug C++|Win32.ActiveCfg = Debug C++|Win32
		{5A840C6C-1445-4880-98DC-8DCBB23C90B4}.Debug C++|Win32.Build.0 = Debug C++|Win32
		{5A840C6C-1445-4880-98DC-8DCBB23C90B4}.Debug C++|x64.ActiveCfg = Debug C++|x64
		{5A840C6C-1445-4880-98DC-8DCBB23C90B4}.Debug C++|x64.Build.0 = Debug C++|x64
		{5A840C6C-1445-4880-98DC-8DCBB23C90B4}.Debug CLR|Win32.ActiveCfg = Debug C++|Win32
		{5A840C6C-1445-4880-98DC-8DCBB23C90B4}.Debug CLR|Win32.Build.0 = Debug C++|Win32
		{5A840C6C-1445-4880-98DC-8DCBB23C90B4}.Debug CLR|x64.ActiveCfg = Debug C++|x64
		{5A840C6C-1445-4880-98DC-8DCBB23C90B4}.Debug CLR|x64.Build.0 = Debug C++|x64
		{5A840C6C-1445-4880-98DC-8DCBB23C90B4}.Debug|Win32.ActiveCfg = Debug|Win32
		{5A840C6C-1445-4880-98DC-8DCBB23C90B4}.Debug|Win32.Build.0 = Debug|Win32
		{5A840C6C-1445-4880-98DC-8DCBB23C90B4}.Debug|x64.ActiveCfg = Debug|x64
		{5A840C6C-1445-4880-98DC-8DCBB23C90B4}.Debug|x64.Build.0 = Debug|x64
		{5A840C6C-1445-4880-98DC-8DCBB23C90B4}.Release C++|Win32.ActiveCfg = Release|Win32
		{5A840C6C-1445-4880-98DC-8DCBB23C90B4}.Release C++|Win32.Build.0 = Release|Win32
		{5A840C6C-1445-4880-98DC-8DCBB23C90B4}.Release C++|x64.ActiveCfg = Release|x64
		{5A840C6C-1445-4880-98DC-8DCBB23C90B4}.Release C++|x64.Build.0 = Release|x64
		{5A840C6C-1445-4880-98DC-8DCBB23C90B4}.Release CLR|Win32.ActiveCfg = Release|Win32
		{5A840C6C-1445-4880-98DC-8DCBB23C90B4}.Release CLR|Win32.Build.0 = Release|Win32
		{5A840C6C-1445-4880-98DC-8DCBB23C90B4}.Release CLR|x64.ActiveCfg = Release|x64
		{5A840C6C-1445-4880-98DC-8DCBB23C90B4}.Release CLR|x64.Build.0 = Release|x64
		{5A840C6C-1445-4880-98DC-8DCBB23C90B4}.Release|Win32.ActiveCfg = Release|Win32
		{5A840C6C-1445-4880-98DC-8DCBB23C90B4}.Release|Win32.Build.0 = Release|Win32
		{5A840C6C-1445-4880-98DC-8DCBB23C90B4}.Release|x64.ActiveCfg = Release|x64
		{5A840C6C-1445-4880-98DC-8DCBB23C90B4}.Release|x64.Build.0 = Release|x64
		{906A5C89-92F6-4C16-9A9E-4CEB7E431AD5}.Debug C++|Win32.ActiveCfg = Debug C++|Win32
		{906A5C89-92F6-4C16-9A9E-4CEB7E431AD5}.Debug C++|Win32.Build.0 = Debug C++|Win32
		{906A5C89-92F6-4C16-9A9E-4CEB7E431AD5}.Debug C++|x64.ActiveCfg = Debug C++|x64
		{906A5C89-92F6-4C16-9A9E-4CEB7E431AD5}.Debug C++|x64.Build.0 = Debug C++|x64
		{906A5C89-92F6-4C16-9A9E-4CEB7E431AD5}.Debug CLR|Win32.ActiveCfg = Debug C++|Win32
		{906A5C89-92F6-4C16-9A9E-4CEB7E431AD5}.Debug CLR|Win32.Build.0 = Debug C++|Win32
		{906A5C89-92F6-4C16-9A9E-4CEB7E431AD5}.Debug CLR|x64.ActiveCfg = Debug C++|x64
		{906A5C89-92F6-4C16-9A9E-4CEB7E431AD5}.Debug CLR|x64.Build.0 = Debug C++|x64
		{906A5C89-92F6-4C16-9A9E-4CEB7E431AD5}.Debug|Win32.ActiveCfg = Debug|Win32
		{906A5C89-92F6-4C16-9A9E-4CEB7E431AD5}.Debug|Win32.Build.0 = Debug|Win32
		{906A5C89-92F6-4C16-9A9E-4CEB7E431AD5}.Debug|x64.ActiveCfg = Debug|x64
		{906A5C89-92F6-4C16-9A9E-4CEB7E431AD5}.Debug|x64.Build.0 = Debug|x64
		{906A5C89-92F6-4C16-9A9E-4CEB7E431AD5}.Release C++|Win32.ActiveCfg = Release|Win32
		{906A5C89-92F6-4C16-9A9E-4CEB7E431AD5}.Release C++|Win32.Build.0 = Release|Win32
		{906A5C89-92F6-4C16-9A9E-4CEB7E431AD5}.Release C++|x64.ActiveCfg = Release|x64
		{906A5C89-92F6-4C16-9A9E-4CEB7E431AD5}.Release C++|x64.Build.0 = Release|x64
		{906A5C89-92F6-4C16-9A9E-4CEB7E431AD5}.Release CLR|Win32.ActiveCfg = Release|Win32
		{906A5C89-92F6-4C16-9A9E-4CEB7E431AD5}.Release CLR|Win32.Build.0 = Release|Win32
		{906A5C89-92F6-4C16-9A9E-4CEB7E431AD5}.Release CLR|x64.ActiveCfg = Release|x64
		{906A5C89-92F6-4C16-9A9E-4CEB7E431AD5}.Release CLR|x64.Build.0 = Release|x64
		{906A5C89-92F6-4C16-9A9E-4CEB7E431AD5}.Release|Win32.ActiveCfg = Release|Win32
		{906A5C89-92F6-4C16-9A9E-4CEB7E431AD5}.Release|Win32.Build.0 = Release|Win32
		{906A5C89-92F6-4C16-9A9E-4CEB7E431AD5}.Release|x64.ActiveCfg = Release|x64
		{906A5C89-92F6-4C16-9A9E-4CEB7E431AD5}.Release|x64.Build.0 = Release|x64
		{A0575529-0007-4619-90BD-8ABA6D0AC234}.Debug C++|Win32.ActiveCfg = Debug C++|Win32
		{A0575529-0007-4619-90BD-8ABA6D0AC234}.Debug C++|Win32.Build.0 = Debug C++|Win32
		{A0575529-0007-4619-90BD-8ABA6D0AC234}.Debug C++|x64.ActiveCfg = Debug C++|x64
		{A0575529-0007-4619-90BD-8ABA6D0AC234}.Debug C++|x64.Build.0 = Debug C++|x64
		{A0575529-0007-4619-90BD-8ABA6D0AC234}.Debug CLR|Win32.ActiveCfg = Debug C++|Win32
		{A0575529-0007-4619-90BD-8ABA6D0AC234}.Debug CLR|Win32.Build.0 = Debug C++|Win32
		{A0575529-0007-4619-90BD-8ABA6D0AC234}.Debug CLR|x64.ActiveCfg = Debug C++|x64
		{A0575529-0007-4619-90BD-8ABA6D0AC234}.Debug CLR|x64.Build.0 = Debug C++|x64
		{A0575529-0007-4619-90BD-8ABA6D0AC234}.Debug|Win32.ActiveCfg = Debug|Win32
		{A0575529-0007-4619-90BD-8ABA6D0AC234}.Debug|Win32.Build.0 = Debug|Win32
		{A0575529-0007-4619-90BD-8ABA6D0AC234}.Debug|x64.ActiveCfg = Debug|x64
		{A0575529-0007-4619-90BD-8ABA6D0AC234}.Debug|x64.Build.0 = Debug|x64
		{A0575529-0007-4619-90BD-8ABA6D0AC234}.Release C++|Win32.ActiveCfg = Release|Win32
		{A0575529-0007-4619-90BD-8ABA6D0AC234}.Release C++|Win32.Build.0 = Release|Win32
		{A0575529-0007-4619-90BD-8ABA6D0AC234}.Release C++|x64.ActiveCfg = Release|x64
		{A0575529-0007-4619-90BD-8ABA6D0AC234}.Release C++|x64.Build.0 = Release|x64
		{A0575529-0007-4619-90BD-8ABA6D0AC234}.Release CLR|Win32.ActiveCfg = Release|Win32
		{A0575529-0007-4619-90BD-8ABA6D0AC234}.Release CLR|Win32.Build.0 = Release|Win32
		{A0575529-0007-4619-90BD-8ABA6D0AC234}.Release CLR|x64.ActiveCfg = Release|x64
		{A0575529-0007-4619-90BD-8ABA6D0AC234}.Release CLR|x64.Build.0 = Release|x64
		{A0575529-0007-4619-90BD-8ABA6D0AC234}.Release|Win32.ActiveCfg = Release|Win32
		{A0575529-0007-4619-90BD-8ABA6D0AC234}.Release|Win32.Build.0 = Release|Win32
		{A0575529-0007-4619-90BD-8ABA6D0AC234}.Release|x64.ActiveCfg = Release|x64
		{A0575529-0007-4619-90BD-8ABA6D0AC234}.Release|x64.Build.0 = Release|x64
		{49288A7D-E44E-4EE8-83CE-2A7CBB9D5786}.Debug C++|Win32.ActiveCfg = Debug C++|Win32
		{49288A7D-E44E-4EE8-83CE-2A7CBB9D5786}.Debug C++|Win32.Build.0 = Debug C++|Win32
		{49288A7D-E44E-4EE8-83CE-2A7CBB9D5786}.Debug C++|x64.ActiveCfg = Debug C++|x64
		{49288A7D-E44E-4EE8-83CE-2A7CBB9D5786}.Debug C++|x64.Build.0 = Debug C++|x64
		{49288A7D-E44E-4EE8-83CE-2A7CBB9D5786}.Debug CLR|Win32.ActiveCfg = Debug C++|Win32
		{49288A7D-E44E-4EE8-83CE-2A7CBB9D5786}.Debug CLR|Win32.Build.0 = Debug C++|Win32
		{49288A7D-E44E-4EE8-83CE-2A7CBB9D5786}.Debug CLR|x64.ActiveCfg = Debug C++|x64
		{49288A7D-E44E-4EE8-83CE-2A7CBB9D5786}.Debug CLR|x64.Build.0 = Debug C++|x64
		{49288A7D-E44E-4EE8-83CE-2A7CBB9D5786}.Debug|Win32.ActiveCfg = Debug|Win32
		{49288A7D-E44E-4EE8-83CE-2A7CBB9D5786}.Debug|Win32.Build.0 = Debug|Win32
		{49288A7D-E44E-4EE8-83CE-2A7CBB9D5786}.Debug|x64.ActiveCfg = Debug|x64
		{49288A7D-E44E-4EE8-83CE-2A7CBB9D5786}.Debug|x64.Build.0 = Debug|x64
		{49288A7D-E44E-4EE8-83CE-2A7CBB9D5786}.Release C++|Win32.ActiveCfg = Release|Win32
		{49288A7D-E44E-4EE8-83CE-2A7CBB9D5786}.Release C++|Win32.Build.0 = Release|Win32
		{49288A7D-E44E-4EE8-83CE-2A7CBB9D5786}.Release C++|x64.ActiveCfg = Release|x64
		{49288A7D-E44E-4EE8-83CE-2A7CBB9D5786}.Release C++|x64.Build.0 = Release|x64
		{49288A7D-E44E-4EE8-83CE-2A7CBB9D5786}.Release CLR|Win32.ActiveCfg = Release|Win32
		{49288A7D-E44E-4EE8-83CE-2A7CBB9D5786}.Release CLR|Win32.Build.0 = Release|Win32
		{49288A7D-E44E-4EE8-83CE-2A7CBB9D5786}.Release CLR|x64.ActiveCfg = Release|x64
		{49288A7D-E44E-4EE8-83CE-2A7CBB9D5786}.Release CLR|x64.Build.0 = Release|x64
		{49288A7D-E44E-4EE8-83CE-2A7CBB9D5786}.Release|Win32.ActiveCfg = Release|Win32
		{49288A7D-E44E-4EE8-83CE-2A7CBB9D5786}.Release|Win32.Build.0 = Release|Win32
		{49288A7D-E44E-4EE8-83CE-2A7CBB9D5786}.Release|x64.ActiveCfg = Release|x64
		{49288A7D-E44E-4EE8-83CE-2A7CBB9D5786}.Release|x64.Build.0 = Release|x64
		{714438DC-6D98-42D7-8CFD-409345C3E151}.Debug C++|Win32.ActiveCfg = Debug|Win32
		{714438DC-6D98-42D7-8CFD-409345C3E151}.Debug C++|Win32.Build.0 = Debug|Win32
		{714438DC-6D98-42D7-8CFD-409345C3E151}.Debug C++|x64.ActiveCfg = Debug|x64
		{714438DC-6D98-42D7-8CFD-409345C3E151}.Debug C++|x64.Build.0 = Debug|x64
		{714438DC-6D98-42D7-8CFD-409345C3E151}.Debug CLR|Win32.ActiveCfg = Debug|Win32
		{714438DC-6D98-42D7-8CFD-409345C3E151}.Debug CLR|Win32.Build.0 = Debug|Win32
		{714438DC-6D98-42D7-8CFD-409345C3E151}.Debug CLR|x64.ActiveCfg = Debug|x64
		{714438DC-6D98-42D7-8CFD-409345C3E151}.Debug CLR|x64.Build.0 = Debug|x64
		{714438DC-6D98-42D7-8CFD-409345C3E151}.Debug|Win32.ActiveCfg = Debug|Win32
		{714438DC-6D98-42D7-8CFD-409345C3E151}.Debug|Win32.Build.0 = Debug|Win32
		{714438DC-6D98-42D7-8CFD-409345C3E151}.Debug|x64.ActiveCfg = Debug|x64
		{714438DC-6D98-42D7-8CFD-409345C3E151}.Debug|x64.Build.0 = Debug|x64
		{714438DC-6D98-42D7-8CFD-409345C3E151}.Release C++|Win32.ActiveCfg = Release|Win32
		{714438DC-6D98-42D7-8CFD-409345C3E151}.Release C++|Win32.Build.0 = Release|Win32
		{714438DC-6D98-42D7-8CFD-409345C3E151}.Release C++|x64.ActiveCfg = Release|x64
		{714438DC-6D98-42D7-8CFD-409345C3E151}.Release C++|x64.Build.0 = Release|x64
		{714438DC-6D98-42D7-8CFD-409345C3E151}.Release CLR|Win32.ActiveCfg = Release|Win32
		{714438DC-6D98-42D7-8CFD-409345C3E151}.Release CLR|Win32.Build.0 = Release|Win32
		{714438DC-6D98-42D7-8CFD-409345C3E151}.Release CLR|x64.ActiveCfg = Release|x64
		{714438DC-6D98-42D7-8CFD-409345C3E151}.Release CLR|x64.Build.0 = Release|x64
		{714438DC-6D98-42D7-8CFD-409345C3E151}.Release|Win32.ActiveCfg = Release|Win32
		{714438DC-6D98-42D7-8CFD-409345C3E151}.Release|Win32.Build.0 = Release|Win32
		{714438DC-6D98-42D7-8CFD-409345C3E151}.Release|x64.ActiveCfg = Release|x64
		{714438DC-6D98-42D7-8CFD-409345C3E151}.Release|x64.Build.0 = Release|x64
		{E31F9A10-95B9-48DC-BD62-637BE16423E7}.Debug C++|Win32.ActiveCfg = Debug C++|Win32
		{E31F9A10-95B9-48DC-BD62-637BE16423E7}.Debug C++|Win32.Build.0 = Debug C++|Win32
		{E31F9A10-95B9-48DC-BD62-637BE16423E7}.Debug C++|x64.ActiveCfg = Debug C++|x64
		{E31F9A10-95B9-48DC-BD62-637BE16423E7}.Debug C++|x64.Build.0 = Debug C++|x64
		{E31F9A10-95B9-48DC-BD62-637BE16423E7}.Debug CLR|Win32.ActiveCfg = Debug C++|Win32
		{E31F9A10-95B9-48DC-BD62-637BE16423E7}.Debug CLR|Win32.Build.0 = Debug C++|Win32
		{E31F9A10-95B9-48DC-BD62-637BE16423E7}.Debug CLR|x64.ActiveCfg = Debug C++|x64
		{E31F9A10-95B9-48DC-BD62-637BE16423E7}.Debug CLR|x64.Build.0 = Debug C++|x64
		{E31F9A10-95B9-48DC-BD62-637BE16423E7}.Debug|Win32.ActiveCfg = Debug|Win32
		{E31F9A10-95B9-48DC-BD62-637BE16423E7}.Debug|Win32.Build.0 = Debug|Win32
		{E31F9A10-95B9-48DC-BD62-637BE16423E7}.Debug|x64.ActiveCfg = Debug|x64
		{E31F9A10-95B9-48DC-BD62-637BE16423E7}.Debug|x64.Build.0 = Debug|x64
		{E31F9A10-95B9-48DC-BD62-637BE16423E7}.Release C++|Win32.ActiveCfg = Release|Win32
		{E31F9A10-95B9-48DC-BD62-637BE16423E7}.Release C++|Win32.Build.0 = Release|Win32
		{E31F9A10-95B9-48DC-BD62-637BE16423E7}.Release C++|x64.ActiveCfg = Release|x64
		{E31F9A10-95B9-48DC-BD62-637BE16423E7}.Release C++|x64.Build.0 = Release|x64
		{E31F9A10-95B9-48DC-BD62-637BE16423E7}.Release CLR|Win32.ActiveCfg = Release|Win32
		{E31F9A10-95B9-48DC-BD62-637BE16423E7}.Release CLR|Win32.Build.0 = Release|Win32
		{E31F9A10-95B9-48DC-BD62-637BE16423E7}.Release CLR|x64.ActiveCfg = Release|x64
		{E31F9A10-95B9-48DC-BD62-637BE16423E7}.Release CLR|x64.Build.0 = Release|x64
		{E31F9A10-95B9-48DC-BD62-637BE16423E7}.Release|Win32.ActiveCfg = Release|Win32
		{E31F9A10-95B9-48DC-BD62-637BE16423E7}.Release|Win32.Build.0 = Release|Win32
		{E31F9A10-95B9-48DC-BD62-637BE16423E7}.Release|x64.ActiveCfg = Release|x64
		{E31F9A10-95B9-48DC-BD62-637BE16423E7}.Release|x64.Build.0 = Release|x64
		{A2D5A597-BDA6-4328-9C15-A777BC6B346B}.Debug C++|Win32.ActiveCfg = Debug C++|Win32
		{A2D5A597-BDA6-4328-9C15-A777BC6B346B}.Debug C++|Win32.Build.0 = Debug C++|Win32
		{A2D5A597-BDA6-4328-9C15-A777BC6B346B}.Debug C++|x64.ActiveCfg = Debug C++|x64
		{A2D5A597-BDA6-4328-9C15-A777BC6B346B}.Debug C++|x64.Build.0 = Debug C++|x64
		{A2D5A597-BDA6-4328-9C15-A777BC6B346B}.Debug CLR|Win32.ActiveCfg = Debug|Win32
		{A2D5A597-BDA6-4328-9C15-A777BC6B346B}.Debug CLR|Win32.Build.0 = Debug|Win32
		{A2D5A597-BDA6-4328-9C15-A777BC6B346B}.Debug CLR|x64.ActiveCfg = Debug C++|x64
		{A2D5A597-BDA6-4328-9C15-A777BC6B346B}.Debug CLR|x64.Build.0 = Debug C++|x64
		{A2D5A597-BDA6-4328-9C15-A777BC6B346B}.Debug|Win32.ActiveCfg = Debug|Win32
		{A2D5A597-BDA6-4328-9C15-A777BC6B346B}.Debug|Win32.Build.0 = Debug|Win32
		{A2D5A597-BDA6-4328-9C15-A777BC6B346B}.Debug|x64.ActiveCfg = Debug|x64
		{A2D5A597-BDA6-4328-9C15-A777BC6B346B}.Debug|x64.Build.0 = Debug|x64
		{A2D5A597-BDA6-4328-9C15-A777BC6B346B}.Release C++|Win32.ActiveCfg = Release|Win32
		{A2D5A597-BDA6-4328-9C15-A777BC6B346B}.Release C++|Win32.Build.0 = Release|Win32
		{A2D5A597-BDA6-4328-9C15-A777BC6B346B}.Release C++|x64.ActiveCfg = Release C++|x64
		{A2D5A597-BDA6-4328-9C15-A777BC6B346B}.Release C++|x64.Build.0 = Release C++|x64
		{A2D5A597-BDA6-4328-9C15-A777BC6B346B}.Release CLR|Win32.ActiveCfg = Release|Win32
		{A2D5A597-BDA6-4328-9C15-A777BC6B346B}.Release CLR|Win32.Build.0 = Release|Win32
		{A2D5A597-BDA6-4328-9C15-A777BC6B346B}.Release CLR|x64.ActiveCfg = Release C++|x64
		{A2D5A597-BDA6-4328-9C15-A777BC6B346B}.Release CLR|x64.Build.0 = Release C++|x64
		{A2D5A597-BDA6-4328-9C15-A777BC6B346B}.Release|Win32.ActiveCfg = Release|Win32
		{A2D5A597-BDA6-4328-9C15-A777BC6B346B}.Release|Win32.Build.0 = Release|Win32
		{A2D5A597-BDA6-4328-9C15-A777BC6B346B}.Release|x64.ActiveCfg = Release|x64
		{A2D5A597-BDA6-4328-9C15-A777BC6B346B}.Release|x64.Build.0 = Release|x64
	EndGlobalSection
	GlobalSection(SolutionProperties) = preSolution
		HideSolutionNode = FALSE
	EndGlobalSection
EndGlobal
