Microsoft Visual Studio Solution File, Format Version 7.00
Project("{8BC9CEB8-8B4A-11D0-8D11-00A0C91BC942}") = "bag", "bag.vcproj", "{69A6B90B-D8EA-49F6-87F2-892918E49C0A}"
EndProject
Project("{8BC9CEB8-8B4A-11D0-8D11-00A0C91BC942}") = "bag.image", "bag.image.vcproj", "{451F7C33-BECB-4ED9-BD5F-7E7C7683DAE2}"
EndProject
Project("{8BC9CEB8-8B4A-11D0-8D11-00A0C91BC942}") = "bag.PSI", "bag.PSI.vcproj", "{11DCCFC4-CD54-4AF5-8DA1-FAE145521601}"
EndProject
Project("{8BC9CEB8-8B4A-11D0-8D11-00A0C91BC942}") = "bag.video", "bag.video.vcproj", "{38D0B95E-8C7F-44CE-AD29-0534F2D86517}"
EndProject
Project("{8BC9CEB8-8B4A-11D0-8D11-00A0C91BC942}") = "blah", "..\blah\blah.vcproj", "{AA285169-F291-44AC-8646-8C268D203A76}"
EndProject
Global
	GlobalSection(SolutionConfiguration) = preSolution
		ConfigName.0 = Debug
		ConfigName.1 = Release
	EndGlobalSection
	GlobalSection(ProjectDependencies) = postSolution
		{451F7C33-BECB-4ED9-BD5F-7E7C7683DAE2}.0 = {69A6B90B-D8EA-49F6-87F2-892918E49C0A}
		{11DCCFC4-CD54-4AF5-8DA1-FAE145521601}.0 = {38D0B95E-8C7F-44CE-AD29-0534F2D86517}
		{11DCCFC4-CD54-4AF5-8DA1-FAE145521601}.1 = {451F7C33-BECB-4ED9-BD5F-7E7C7683DAE2}
		{11DCCFC4-CD54-4AF5-8DA1-FAE145521601}.2 = {69A6B90B-D8EA-49F6-87F2-892918E49C0A}
		{38D0B95E-8C7F-44CE-AD29-0534F2D86517}.0 = {69A6B90B-D8EA-49F6-87F2-892918E49C0A}
		{38D0B95E-8C7F-44CE-AD29-0534F2D86517}.1 = {451F7C33-BECB-4ED9-BD5F-7E7C7683DAE2}
	EndGlobalSection
	GlobalSection(ProjectConfiguration) = postSolution
		{69A6B90B-D8EA-49F6-87F2-892918E49C0A}.Debug.ActiveCfg = Debug|Win32
		{69A6B90B-D8EA-49F6-87F2-892918E49C0A}.Debug.Build.0 = Debug|Win32
		{69A6B90B-D8EA-49F6-87F2-892918E49C0A}.Release.ActiveCfg = Release|Win32
		{69A6B90B-D8EA-49F6-87F2-892918E49C0A}.Release.Build.0 = Release|Win32
		{451F7C33-BECB-4ED9-BD5F-7E7C7683DAE2}.Debug.ActiveCfg = Debug|Win32
		{451F7C33-BECB-4ED9-BD5F-7E7C7683DAE2}.Debug.Build.0 = Debug|Win32
		{451F7C33-BECB-4ED9-BD5F-7E7C7683DAE2}.Release.ActiveCfg = Release|Win32
		{451F7C33-BECB-4ED9-BD5F-7E7C7683DAE2}.Release.Build.0 = Release|Win32
		{11DCCFC4-CD54-4AF5-8DA1-FAE145521601}.Debug.ActiveCfg = Debug|Win32
		{11DCCFC4-CD54-4AF5-8DA1-FAE145521601}.Debug.Build.0 = Debug|Win32
		{11DCCFC4-CD54-4AF5-8DA1-FAE145521601}.Release.ActiveCfg = Release|Win32
		{11DCCFC4-CD54-4AF5-8DA1-FAE145521601}.Release.Build.0 = Release|Win32
		{38D0B95E-8C7F-44CE-AD29-0534F2D86517}.Debug.ActiveCfg = Debug|Win32
		{38D0B95E-8C7F-44CE-AD29-0534F2D86517}.Debug.Build.0 = Debug|Win32
		{38D0B95E-8C7F-44CE-AD29-0534F2D86517}.Release.ActiveCfg = Release|Win32
		{38D0B95E-8C7F-44CE-AD29-0534F2D86517}.Release.Build.0 = Release|Win32
		{AA285169-F291-44AC-8646-8C268D203A76}.Debug.ActiveCfg = Debug|Win32
		{AA285169-F291-44AC-8646-8C268D203A76}.Debug.Build.0 = Debug|Win32
		{AA285169-F291-44AC-8646-8C268D203A76}.Release.ActiveCfg = Release|Win32
		{AA285169-F291-44AC-8646-8C268D203A76}.Release.Build.0 = Release|Win32
	EndGlobalSection
	GlobalSection(ExtensibilityGlobals) = postSolution
	EndGlobalSection
	GlobalSection(ExtensibilityAddIns) = postSolution
	EndGlobalSection
EndGlobal
